// !$*UTF8*$!
{
	archiveVersion = 1;
	classes = {
	};
	objectVersion = 48;
	objects = {

/* Begin PBXBuildFile section */
		1117EF6E202C267600FBBBB6 /* AppDelegate.swift in Sources */ = {isa = PBXBuildFile; fileRef = 1117EF6D202C267600FBBBB6 /* AppDelegate.swift */; };
		1117EF70202C267600FBBBB6 /* ViewController.swift in Sources */ = {isa = PBXBuildFile; fileRef = 1117EF6F202C267600FBBBB6 /* ViewController.swift */; };
		1117EF73202C267600FBBBB6 /* Main.storyboard in Resources */ = {isa = PBXBuildFile; fileRef = 1117EF71202C267600FBBBB6 /* Main.storyboard */; };
		1117EF75202C267600FBBBB6 /* Assets.xcassets in Resources */ = {isa = PBXBuildFile; fileRef = 1117EF74202C267600FBBBB6 /* Assets.xcassets */; };
		1117EF78202C267600FBBBB6 /* LaunchScreen.storyboard in Resources */ = {isa = PBXBuildFile; fileRef = 1117EF76202C267600FBBBB6 /* LaunchScreen.storyboard */; };
		1117EF83202C267600FBBBB6 /* PopcornTests.swift in Sources */ = {isa = PBXBuildFile; fileRef = 1117EF82202C267600FBBBB6 /* PopcornTests.swift */; };
		1117EF8E202C267600FBBBB6 /* PopcornUITests.swift in Sources */ = {isa = PBXBuildFile; fileRef = 1117EF8D202C267600FBBBB6 /* PopcornUITests.swift */; };
		5117CD06CD8A9DAB82B41632 /* Pods_Popcorn.framework in Frameworks */ = {isa = PBXBuildFile; fileRef = 92D3242BE94F325BB0009EE8 /* Pods_Popcorn.framework */; };
		52A84E0254C95AB48E02429C /* Pods_PopcornTests.framework in Frameworks */ = {isa = PBXBuildFile; fileRef = 30FBEDB40A3770DE7456C126 /* Pods_PopcornTests.framework */; };
		555B4E7E427ED49BC33EDC53 /* Pods_PopcornUITests.framework in Frameworks */ = {isa = PBXBuildFile; fileRef = 16DB49D8BE1DEA93DF7E396C /* Pods_PopcornUITests.framework */; };
/* End PBXBuildFile section */

/* Begin PBXContainerItemProxy section */
		1117EF7F202C267600FBBBB6 /* PBXContainerItemProxy */ = {
			isa = PBXContainerItemProxy;
			containerPortal = 1117EF62202C267500FBBBB6 /* Project object */;
			proxyType = 1;
			remoteGlobalIDString = 1117EF69202C267500FBBBB6;
			remoteInfo = Popcorn;
		};
		1117EF8A202C267600FBBBB6 /* PBXContainerItemProxy */ = {
			isa = PBXContainerItemProxy;
			containerPortal = 1117EF62202C267500FBBBB6 /* Project object */;
			proxyType = 1;
			remoteGlobalIDString = 1117EF69202C267500FBBBB6;
			remoteInfo = Popcorn;
		};
/* End PBXContainerItemProxy section */

/* Begin PBXFileReference section */
		1117EF6A202C267500FBBBB6 /* Popcorn.app */ = {isa = PBXFileReference; explicitFileType = wrapper.application; includeInIndex = 0; path = Popcorn.app; sourceTree = BUILT_PRODUCTS_DIR; };
		1117EF6D202C267600FBBBB6 /* AppDelegate.swift */ = {isa = PBXFileReference; lastKnownFileType = sourcecode.swift; path = AppDelegate.swift; sourceTree = "<group>"; };
		1117EF6F202C267600FBBBB6 /* ViewController.swift */ = {isa = PBXFileReference; lastKnownFileType = sourcecode.swift; path = ViewController.swift; sourceTree = "<group>"; };
		1117EF72202C267600FBBBB6 /* Base */ = {isa = PBXFileReference; lastKnownFileType = file.storyboard; name = Base; path = Base.lproj/Main.storyboard; sourceTree = "<group>"; };
		1117EF74202C267600FBBBB6 /* Assets.xcassets */ = {isa = PBXFileReference; lastKnownFileType = folder.assetcatalog; path = Assets.xcassets; sourceTree = "<group>"; };
		1117EF77202C267600FBBBB6 /* Base */ = {isa = PBXFileReference; lastKnownFileType = file.storyboard; name = Base; path = Base.lproj/LaunchScreen.storyboard; sourceTree = "<group>"; };
		1117EF79202C267600FBBBB6 /* Info.plist */ = {isa = PBXFileReference; lastKnownFileType = text.plist.xml; path = Info.plist; sourceTree = "<group>"; };
		1117EF7E202C267600FBBBB6 /* PopcornTests.xctest */ = {isa = PBXFileReference; explicitFileType = wrapper.cfbundle; includeInIndex = 0; path = PopcornTests.xctest; sourceTree = BUILT_PRODUCTS_DIR; };
		1117EF82202C267600FBBBB6 /* PopcornTests.swift */ = {isa = PBXFileReference; lastKnownFileType = sourcecode.swift; path = PopcornTests.swift; sourceTree = "<group>"; };
		1117EF84202C267600FBBBB6 /* Info.plist */ = {isa = PBXFileReference; lastKnownFileType = text.plist.xml; path = Info.plist; sourceTree = "<group>"; };
		1117EF89202C267600FBBBB6 /* PopcornUITests.xctest */ = {isa = PBXFileReference; explicitFileType = wrapper.cfbundle; includeInIndex = 0; path = PopcornUITests.xctest; sourceTree = BUILT_PRODUCTS_DIR; };
		1117EF8D202C267600FBBBB6 /* PopcornUITests.swift */ = {isa = PBXFileReference; lastKnownFileType = sourcecode.swift; path = PopcornUITests.swift; sourceTree = "<group>"; };
		1117EF8F202C267600FBBBB6 /* Info.plist */ = {isa = PBXFileReference; lastKnownFileType = text.plist.xml; path = Info.plist; sourceTree = "<group>"; };
		16DB49D8BE1DEA93DF7E396C /* Pods_PopcornUITests.framework */ = {isa = PBXFileReference; explicitFileType = wrapper.framework; includeInIndex = 0; path = Pods_PopcornUITests.framework; sourceTree = BUILT_PRODUCTS_DIR; };
		30FBEDB40A3770DE7456C126 /* Pods_PopcornTests.framework */ = {isa = PBXFileReference; explicitFileType = wrapper.framework; includeInIndex = 0; path = Pods_PopcornTests.framework; sourceTree = BUILT_PRODUCTS_DIR; };
		3B491042914C739F238A7CE8 /* Pods-PopcornUITests.release.xcconfig */ = {isa = PBXFileReference; includeInIndex = 1; lastKnownFileType = text.xcconfig; name = "Pods-PopcornUITests.release.xcconfig"; path = "Pods/Target Support Files/Pods-PopcornUITests/Pods-PopcornUITests.release.xcconfig"; sourceTree = "<group>"; };
		5B8E3C0DD6F9F1B032D450E2 /* Pods-PopcornTests.release.xcconfig */ = {isa = PBXFileReference; includeInIndex = 1; lastKnownFileType = text.xcconfig; name = "Pods-PopcornTests.release.xcconfig"; path = "Pods/Target Support Files/Pods-PopcornTests/Pods-PopcornTests.release.xcconfig"; sourceTree = "<group>"; };
		92D3242BE94F325BB0009EE8 /* Pods_Popcorn.framework */ = {isa = PBXFileReference; explicitFileType = wrapper.framework; includeInIndex = 0; path = Pods_Popcorn.framework; sourceTree = BUILT_PRODUCTS_DIR; };
		960AA5668D4AB5B4C13AEC9E /* Pods-PopcornTests.debug.xcconfig */ = {isa = PBXFileReference; includeInIndex = 1; lastKnownFileType = text.xcconfig; name = "Pods-PopcornTests.debug.xcconfig"; path = "Pods/Target Support Files/Pods-PopcornTests/Pods-PopcornTests.debug.xcconfig"; sourceTree = "<group>"; };
		BC213A5A1B7CF946ED0CDA0D /* Pods-Popcorn.release.xcconfig */ = {isa = PBXFileReference; includeInIndex = 1; lastKnownFileType = text.xcconfig; name = "Pods-Popcorn.release.xcconfig"; path = "Pods/Target Support Files/Pods-Popcorn/Pods-Popcorn.release.xcconfig"; sourceTree = "<group>"; };
		C57EE3661D14745A4861FA0E /* Pods-Popcorn.debug.xcconfig */ = {isa = PBXFileReference; includeInIndex = 1; lastKnownFileType = text.xcconfig; name = "Pods-Popcorn.debug.xcconfig"; path = "Pods/Target Support Files/Pods-Popcorn/Pods-Popcorn.debug.xcconfig"; sourceTree = "<group>"; };
		D1BC9ED64EAB4F4688F083E6 /* Pods-PopcornUITests.debug.xcconfig */ = {isa = PBXFileReference; includeInIndex = 1; lastKnownFileType = text.xcconfig; name = "Pods-PopcornUITests.debug.xcconfig"; path = "Pods/Target Support Files/Pods-PopcornUITests/Pods-PopcornUITests.debug.xcconfig"; sourceTree = "<group>"; };
/* End PBXFileReference section */

/* Begin PBXFrameworksBuildPhase section */
		1117EF67202C267500FBBBB6 /* Frameworks */ = {
			isa = PBXFrameworksBuildPhase;
			buildActionMask = 2147483647;
			files = (
				5117CD06CD8A9DAB82B41632 /* Pods_Popcorn.framework in Frameworks */,
			);
			runOnlyForDeploymentPostprocessing = 0;
		};
		1117EF7B202C267600FBBBB6 /* Frameworks */ = {
			isa = PBXFrameworksBuildPhase;
			buildActionMask = 2147483647;
			files = (
				52A84E0254C95AB48E02429C /* Pods_PopcornTests.framework in Frameworks */,
			);
			runOnlyForDeploymentPostprocessing = 0;
		};
		1117EF86202C267600FBBBB6 /* Frameworks */ = {
			isa = PBXFrameworksBuildPhase;
			buildActionMask = 2147483647;
			files = (
				555B4E7E427ED49BC33EDC53 /* Pods_PopcornUITests.framework in Frameworks */,
			);
			runOnlyForDeploymentPostprocessing = 0;
		};
/* End PBXFrameworksBuildPhase section */

/* Begin PBXGroup section */
		1117EF61202C267500FBBBB6 = {
			isa = PBXGroup;
			children = (
				1117EF6C202C267500FBBBB6 /* Popcorn */,
				1117EF81202C267600FBBBB6 /* PopcornTests */,
				1117EF8C202C267600FBBBB6 /* PopcornUITests */,
				1117EF6B202C267500FBBBB6 /* Products */,
				9868387FBA2FD908E00C43D5 /* Pods */,
				E61BCD82281CFFBD85E96FEF /* Frameworks */,
			);
			sourceTree = "<group>";
		};
		1117EF6B202C267500FBBBB6 /* Products */ = {
			isa = PBXGroup;
			children = (
				1117EF6A202C267500FBBBB6 /* Popcorn.app */,
				1117EF7E202C267600FBBBB6 /* PopcornTests.xctest */,
				1117EF89202C267600FBBBB6 /* PopcornUITests.xctest */,
			);
			name = Products;
			sourceTree = "<group>";
		};
		1117EF6C202C267500FBBBB6 /* Popcorn */ = {
			isa = PBXGroup;
			children = (
				1124E335202C2BAF0032EE90 /* Models */,
				1124E334202C2ACD0032EE90 /* Views */,
				1124E333202C2AA40032EE90 /* View Controllers */,
				1124E331202C2A870032EE90 /* Service */,
				1117EF6D202C267600FBBBB6 /* AppDelegate.swift */,
				1117EF6F202C267600FBBBB6 /* ViewController.swift */,
				1117EF71202C267600FBBBB6 /* Main.storyboard */,
				1117EF74202C267600FBBBB6 /* Assets.xcassets */,
				1117EF76202C267600FBBBB6 /* LaunchScreen.storyboard */,
				1117EF79202C267600FBBBB6 /* Info.plist */,
			);
			path = Popcorn;
			sourceTree = "<group>";
		};
		1117EF81202C267600FBBBB6 /* PopcornTests */ = {
			isa = PBXGroup;
			children = (
				1117EF82202C267600FBBBB6 /* PopcornTests.swift */,
				1117EF84202C267600FBBBB6 /* Info.plist */,
			);
			path = PopcornTests;
			sourceTree = "<group>";
		};
		1117EF8C202C267600FBBBB6 /* PopcornUITests */ = {
			isa = PBXGroup;
			children = (
				1117EF8D202C267600FBBBB6 /* PopcornUITests.swift */,
				1117EF8F202C267600FBBBB6 /* Info.plist */,
			);
			path = PopcornUITests;
			sourceTree = "<group>";
		};
		1124E331202C2A870032EE90 /* Service */ = {
			isa = PBXGroup;
			children = (
			);
			name = Service;
			sourceTree = "<group>";
		};
		1124E333202C2AA40032EE90 /* View Controllers */ = {
			isa = PBXGroup;
			children = (
			);
			name = "View Controllers";
			sourceTree = "<group>";
		};
		1124E334202C2ACD0032EE90 /* Views */ = {
			isa = PBXGroup;
			children = (
			);
			name = Views;
			sourceTree = "<group>";
		};
		1124E335202C2BAF0032EE90 /* Models */ = {
			isa = PBXGroup;
			children = (
			);
			name = Models;
			sourceTree = "<group>";
		};
		9868387FBA2FD908E00C43D5 /* Pods */ = {
			isa = PBXGroup;
			children = (
				C57EE3661D14745A4861FA0E /* Pods-Popcorn.debug.xcconfig */,
				BC213A5A1B7CF946ED0CDA0D /* Pods-Popcorn.release.xcconfig */,
				960AA5668D4AB5B4C13AEC9E /* Pods-PopcornTests.debug.xcconfig */,
				5B8E3C0DD6F9F1B032D450E2 /* Pods-PopcornTests.release.xcconfig */,
				D1BC9ED64EAB4F4688F083E6 /* Pods-PopcornUITests.debug.xcconfig */,
				3B491042914C739F238A7CE8 /* Pods-PopcornUITests.release.xcconfig */,
			);
			name = Pods;
			sourceTree = "<group>";
		};
		E61BCD82281CFFBD85E96FEF /* Frameworks */ = {
			isa = PBXGroup;
			children = (
				92D3242BE94F325BB0009EE8 /* Pods_Popcorn.framework */,
				30FBEDB40A3770DE7456C126 /* Pods_PopcornTests.framework */,
				16DB49D8BE1DEA93DF7E396C /* Pods_PopcornUITests.framework */,
			);
			name = Frameworks;
			sourceTree = "<group>";
		};
/* End PBXGroup section */

/* Begin PBXNativeTarget section */
		1117EF69202C267500FBBBB6 /* Popcorn */ = {
			isa = PBXNativeTarget;
			buildConfigurationList = 1117EF92202C267600FBBBB6 /* Build configuration list for PBXNativeTarget "Popcorn" */;
			buildPhases = (
				5FE77DB7A99C97CB0CB1CDBF /* [CP] Check Pods Manifest.lock */,
				1117EF66202C267500FBBBB6 /* Sources */,
				1117EF67202C267500FBBBB6 /* Frameworks */,
				1117EF68202C267500FBBBB6 /* Resources */,
				744D1675BD67ABB92E590BD7 /* [CP] Embed Pods Frameworks */,
				46D47DA246E2892A4F313350 /* [CP] Copy Pods Resources */,
			);
			buildRules = (
			);
			dependencies = (
			);
			name = Popcorn;
			productName = Popcorn;
			productReference = 1117EF6A202C267500FBBBB6 /* Popcorn.app */;
			productType = "com.apple.product-type.application";
		};
		1117EF7D202C267600FBBBB6 /* PopcornTests */ = {
			isa = PBXNativeTarget;
			buildConfigurationList = 1117EF95202C267600FBBBB6 /* Build configuration list for PBXNativeTarget "PopcornTests" */;
			buildPhases = (
				5CD71887A3934785EFDB7FC2 /* [CP] Check Pods Manifest.lock */,
				1117EF7A202C267600FBBBB6 /* Sources */,
				1117EF7B202C267600FBBBB6 /* Frameworks */,
				1117EF7C202C267600FBBBB6 /* Resources */,
				922736E90B1ACE765EFF51C4 /* [CP] Embed Pods Frameworks */,
				78123069DAD0E0BC92341EDC /* [CP] Copy Pods Resources */,
			);
			buildRules = (
			);
			dependencies = (
				1117EF80202C267600FBBBB6 /* PBXTargetDependency */,
			);
			name = PopcornTests;
			productName = PopcornTests;
			productReference = 1117EF7E202C267600FBBBB6 /* PopcornTests.xctest */;
			productType = "com.apple.product-type.bundle.unit-test";
		};
		1117EF88202C267600FBBBB6 /* PopcornUITests */ = {
			isa = PBXNativeTarget;
			buildConfigurationList = 1117EF98202C267600FBBBB6 /* Build configuration list for PBXNativeTarget "PopcornUITests" */;
			buildPhases = (
				A6330434D99ED18159453C41 /* [CP] Check Pods Manifest.lock */,
				1117EF85202C267600FBBBB6 /* Sources */,
				1117EF86202C267600FBBBB6 /* Frameworks */,
				1117EF87202C267600FBBBB6 /* Resources */,
				A7F84750AD306C30969A1501 /* [CP] Embed Pods Frameworks */,
				929A6D4E5B2EE94DC5E37FCA /* [CP] Copy Pods Resources */,
			);
			buildRules = (
			);
			dependencies = (
				1117EF8B202C267600FBBBB6 /* PBXTargetDependency */,
			);
			name = PopcornUITests;
			productName = PopcornUITests;
			productReference = 1117EF89202C267600FBBBB6 /* PopcornUITests.xctest */;
			productType = "com.apple.product-type.bundle.ui-testing";
		};
/* End PBXNativeTarget section */

/* Begin PBXProject section */
		1117EF62202C267500FBBBB6 /* Project object */ = {
			isa = PBXProject;
			attributes = {
				LastSwiftUpdateCheck = 0920;
				LastUpgradeCheck = 0920;
				ORGANIZATIONNAME = "Liqiang Ye";
				TargetAttributes = {
					1117EF69202C267500FBBBB6 = {
						CreatedOnToolsVersion = 9.2;
						ProvisioningStyle = Automatic;
					};
					1117EF7D202C267600FBBBB6 = {
						CreatedOnToolsVersion = 9.2;
						ProvisioningStyle = Automatic;
						TestTargetID = 1117EF69202C267500FBBBB6;
					};
					1117EF88202C267600FBBBB6 = {
						CreatedOnToolsVersion = 9.2;
						ProvisioningStyle = Automatic;
						TestTargetID = 1117EF69202C267500FBBBB6;
					};
				};
			};
			buildConfigurationList = 1117EF65202C267500FBBBB6 /* Build configuration list for PBXProject "Popcorn" */;
			compatibilityVersion = "Xcode 8.0";
			developmentRegion = en;
			hasScannedForEncodings = 0;
			knownRegions = (
				en,
				Base,
			);
			mainGroup = 1117EF61202C267500FBBBB6;
			productRefGroup = 1117EF6B202C267500FBBBB6 /* Products */;
			projectDirPath = "";
			projectRoot = "";
			targets = (
				1117EF69202C267500FBBBB6 /* Popcorn */,
				1117EF7D202C267600FBBBB6 /* PopcornTests */,
				1117EF88202C267600FBBBB6 /* PopcornUITests */,
			);
		};
/* End PBXProject section */

/* Begin PBXResourcesBuildPhase section */
		1117EF68202C267500FBBBB6 /* Resources */ = {
			isa = PBXResourcesBuildPhase;
			buildActionMask = 2147483647;
			files = (
				1117EF78202C267600FBBBB6 /* LaunchScreen.storyboard in Resources */,
				1117EF75202C267600FBBBB6 /* Assets.xcassets in Resources */,
				1117EF73202C267600FBBBB6 /* Main.storyboard in Resources */,
			);
			runOnlyForDeploymentPostprocessing = 0;
		};
		1117EF7C202C267600FBBBB6 /* Resources */ = {
			isa = PBXResourcesBuildPhase;
			buildActionMask = 2147483647;
			files = (
			);
			runOnlyForDeploymentPostprocessing = 0;
		};
		1117EF87202C267600FBBBB6 /* Resources */ = {
			isa = PBXResourcesBuildPhase;
			buildActionMask = 2147483647;
			files = (
			);
			runOnlyForDeploymentPostprocessing = 0;
		};
/* End PBXResourcesBuildPhase section */

/* Begin PBXShellScriptBuildPhase section */
		46D47DA246E2892A4F313350 /* [CP] Copy Pods Resources */ = {
			isa = PBXShellScriptBuildPhase;
			buildActionMask = 2147483647;
			files = (
			);
			inputPaths = (
			);
			name = "[CP] Copy Pods Resources";
			outputPaths = (
			);
			runOnlyForDeploymentPostprocessing = 0;
			shellPath = /bin/sh;
			shellScript = "\"${SRCROOT}/Pods/Target Support Files/Pods-Popcorn/Pods-Popcorn-resources.sh\"\n";
			showEnvVarsInLog = 0;
		};
		5CD71887A3934785EFDB7FC2 /* [CP] Check Pods Manifest.lock */ = {
			isa = PBXShellScriptBuildPhase;
			buildActionMask = 2147483647;
			files = (
			);
			inputPaths = (
				"${PODS_PODFILE_DIR_PATH}/Podfile.lock",
				"${PODS_ROOT}/Manifest.lock",
			);
			name = "[CP] Check Pods Manifest.lock";
			outputPaths = (
				"$(DERIVED_FILE_DIR)/Pods-PopcornTests-checkManifestLockResult.txt",
			);
			runOnlyForDeploymentPostprocessing = 0;
			shellPath = /bin/sh;
			shellScript = "diff \"${PODS_PODFILE_DIR_PATH}/Podfile.lock\" \"${PODS_ROOT}/Manifest.lock\" > /dev/null\nif [ $? != 0 ] ; then\n    # print error to STDERR\n    echo \"error: The sandbox is not in sync with the Podfile.lock. Run 'pod install' or update your CocoaPods installation.\" >&2\n    exit 1\nfi\n# This output is used by Xcode 'outputs' to avoid re-running this script phase.\necho \"SUCCESS\" > \"${SCRIPT_OUTPUT_FILE_0}\"\n";
			showEnvVarsInLog = 0;
		};
		5FE77DB7A99C97CB0CB1CDBF /* [CP] Check Pods Manifest.lock */ = {
			isa = PBXShellScriptBuildPhase;
			buildActionMask = 2147483647;
			files = (
			);
			inputPaths = (
				"${PODS_PODFILE_DIR_PATH}/Podfile.lock",
				"${PODS_ROOT}/Manifest.lock",
			);
			name = "[CP] Check Pods Manifest.lock";
			outputPaths = (
				"$(DERIVED_FILE_DIR)/Pods-Popcorn-checkManifestLockResult.txt",
			);
			runOnlyForDeploymentPostprocessing = 0;
			shellPath = /bin/sh;
			shellScript = "diff \"${PODS_PODFILE_DIR_PATH}/Podfile.lock\" \"${PODS_ROOT}/Manifest.lock\" > /dev/null\nif [ $? != 0 ] ; then\n    # print error to STDERR\n    echo \"error: The sandbox is not in sync with the Podfile.lock. Run 'pod install' or update your CocoaPods installation.\" >&2\n    exit 1\nfi\n# This output is used by Xcode 'outputs' to avoid re-running this script phase.\necho \"SUCCESS\" > \"${SCRIPT_OUTPUT_FILE_0}\"\n";
			showEnvVarsInLog = 0;
		};
		744D1675BD67ABB92E590BD7 /* [CP] Embed Pods Frameworks */ = {
			isa = PBXShellScriptBuildPhase;
			buildActionMask = 2147483647;
			files = (
			);
			inputPaths = (
				"${SRCROOT}/Pods/Target Support Files/Pods-Popcorn/Pods-Popcorn-frameworks.sh",
				"${BUILT_PRODUCTS_DIR}/AFNetworking/AFNetworking.framework",
			);
			name = "[CP] Embed Pods Frameworks";
			outputPaths = (
				"${TARGET_BUILD_DIR}/${FRAMEWORKS_FOLDER_PATH}/AFNetworking.framework",
			);
			runOnlyForDeploymentPostprocessing = 0;
			shellPath = /bin/sh;
			shellScript = "\"${SRCROOT}/Pods/Target Support Files/Pods-Popcorn/Pods-Popcorn-frameworks.sh\"\n";
			showEnvVarsInLog = 0;
		};
		78123069DAD0E0BC92341EDC /* [CP] Copy Pods Resources */ = {
			isa = PBXShellScriptBuildPhase;
			buildActionMask = 2147483647;
			files = (
			);
			inputPaths = (
			);
			name = "[CP] Copy Pods Resources";
			outputPaths = (
			);
			runOnlyForDeploymentPostprocessing = 0;
			shellPath = /bin/sh;
			shellScript = "\"${SRCROOT}/Pods/Target Support Files/Pods-PopcornTests/Pods-PopcornTests-resources.sh\"\n";
			showEnvVarsInLog = 0;
		};
		922736E90B1ACE765EFF51C4 /* [CP] Embed Pods Frameworks */ = {
			isa = PBXShellScriptBuildPhase;
			buildActionMask = 2147483647;
			files = (
			);
			inputPaths = (
			);
			name = "[CP] Embed Pods Frameworks";
			outputPaths = (
			);
			runOnlyForDeploymentPostprocessing = 0;
			shellPath = /bin/sh;
			shellScript = "\"${SRCROOT}/Pods/Target Support Files/Pods-PopcornTests/Pods-PopcornTests-frameworks.sh\"\n";
			showEnvVarsInLog = 0;
		};
		929A6D4E5B2EE94DC5E37FCA /* [CP] Copy Pods Resources */ = {
			isa = PBXShellScriptBuildPhase;
			buildActionMask = 2147483647;
			files = (
			);
			inputPaths = (
			);
			name = "[CP] Copy Pods Resources";
			outputPaths = (
			);
			runOnlyForDeploymentPostprocessing = 0;
			shellPath = /bin/sh;
			shellScript = "\"${SRCROOT}/Pods/Target Support Files/Pods-PopcornUITests/Pods-PopcornUITests-resources.sh\"\n";
			showEnvVarsInLog = 0;
		};
		A6330434D99ED18159453C41 /* [CP] Check Pods Manifest.lock */ = {
			isa = PBXShellScriptBuildPhase;
			buildActionMask = 2147483647;
			files = (
			);
			inputPaths = (
				"${PODS_PODFILE_DIR_PATH}/Podfile.lock",
				"${PODS_ROOT}/Manifest.lock",
			);
			name = "[CP] Check Pods Manifest.lock";
			outputPaths = (
				"$(DERIVED_FILE_DIR)/Pods-PopcornUITests-checkManifestLockResult.txt",
			);
			runOnlyForDeploymentPostprocessing = 0;
			shellPath = /bin/sh;
			shellScript = "diff \"${PODS_PODFILE_DIR_PATH}/Podfile.lock\" \"${PODS_ROOT}/Manifest.lock\" > /dev/null\nif [ $? != 0 ] ; then\n    # print error to STDERR\n    echo \"error: The sandbox is not in sync with the Podfile.lock. Run 'pod install' or update your CocoaPods installation.\" >&2\n    exit 1\nfi\n# This output is used by Xcode 'outputs' to avoid re-running this script phase.\necho \"SUCCESS\" > \"${SCRIPT_OUTPUT_FILE_0}\"\n";
			showEnvVarsInLog = 0;
		};
		A7F84750AD306C30969A1501 /* [CP] Embed Pods Frameworks */ = {
			isa = PBXShellScriptBuildPhase;
			buildActionMask = 2147483647;
			files = (
			);
			inputPaths = (
			);
			name = "[CP] Embed Pods Frameworks";
			outputPaths = (
			);
			runOnlyForDeploymentPostprocessing = 0;
			shellPath = /bin/sh;
			shellScript = "\"${SRCROOT}/Pods/Target Support Files/Pods-PopcornUITests/Pods-PopcornUITests-frameworks.sh\"\n";
			showEnvVarsInLog = 0;
		};
/* End PBXShellScriptBuildPhase section */

/* Begin PBXSourcesBuildPhase section */
		1117EF66202C267500FBBBB6 /* Sources */ = {
			isa = PBXSourcesBuildPhase;
			buildActionMask = 2147483647;
			files = (
				1117EF70202C267600FBBBB6 /* ViewController.swift in Sources */,
				1117EF6E202C267600FBBBB6 /* AppDelegate.swift in Sources */,
			);
			runOnlyForDeploymentPostprocessing = 0;
		};
		1117EF7A202C267600FBBBB6 /* Sources */ = {
			isa = PBXSourcesBuildPhase;
			buildActionMask = 2147483647;
			files = (
				1117EF83202C267600FBBBB6 /* PopcornTests.swift in Sources */,
			);
			runOnlyForDeploymentPostprocessing = 0;
		};
		1117EF85202C267600FBBBB6 /* Sources */ = {
			isa = PBXSourcesBuildPhase;
			buildActionMask = 2147483647;
			files = (
				1117EF8E202C267600FBBBB6 /* PopcornUITests.swift in Sources */,
			);
			runOnlyForDeploymentPostprocessing = 0;
		};
/* End PBXSourcesBuildPhase section */

/* Begin PBXTargetDependency section */
		1117EF80202C267600FBBBB6 /* PBXTargetDependency */ = {
			isa = PBXTargetDependency;
			target = 1117EF69202C267500FBBBB6 /* Popcorn */;
			targetProxy = 1117EF7F202C267600FBBBB6 /* PBXContainerItemProxy */;
		};
		1117EF8B202C267600FBBBB6 /* PBXTargetDependency */ = {
			isa = PBXTargetDependency;
			target = 1117EF69202C267500FBBBB6 /* Popcorn */;
			targetProxy = 1117EF8A202C267600FBBBB6 /* PBXContainerItemProxy */;
		};
/* End PBXTargetDependency section */

/* Begin PBXVariantGroup section */
		1117EF71202C267600FBBBB6 /* Main.storyboard */ = {
			isa = PBXVariantGroup;
			children = (
				1117EF72202C267600FBBBB6 /* Base */,
			);
			name = Main.storyboard;
			sourceTree = "<group>";
		};
		1117EF76202C267600FBBBB6 /* LaunchScreen.storyboard */ = {
			isa = PBXVariantGroup;
			children = (
				1117EF77202C267600FBBBB6 /* Base */,
			);
			name = LaunchScreen.storyboard;
			sourceTree = "<group>";
		};
/* End PBXVariantGroup section */

/* Begin XCBuildConfiguration section */
		1117EF90202C267600FBBBB6 /* Debug */ = {
			isa = XCBuildConfiguration;
			buildSettings = {
				ALWAYS_SEARCH_USER_PATHS = NO;
				CLANG_ANALYZER_NONNULL = YES;
				CLANG_ANALYZER_NUMBER_OBJECT_CONVERSION = YES_AGGRESSIVE;
				CLANG_CXX_LANGUAGE_STANDARD = "gnu++14";
				CLANG_CXX_LIBRARY = "libc++";
				CLANG_ENABLE_MODULES = YES;
				CLANG_ENABLE_OBJC_ARC = YES;
				CLANG_WARN_BLOCK_CAPTURE_AUTORELEASING = YES;
				CLANG_WARN_BOOL_CONVERSION = YES;
				CLANG_WARN_COMMA = YES;
				CLANG_WARN_CONSTANT_CONVERSION = YES;
				CLANG_WARN_DIRECT_OBJC_ISA_USAGE = YES_ERROR;
				CLANG_WARN_DOCUMENTATION_COMMENTS = YES;
				CLANG_WARN_EMPTY_BODY = YES;
				CLANG_WARN_ENUM_CONVERSION = YES;
				CLANG_WARN_INFINITE_RECURSION = YES;
				CLANG_WARN_INT_CONVERSION = YES;
				CLANG_WARN_NON_LITERAL_NULL_CONVERSION = YES;
				CLANG_WARN_OBJC_LITERAL_CONVERSION = YES;
				CLANG_WARN_OBJC_ROOT_CLASS = YES_ERROR;
				CLANG_WARN_RANGE_LOOP_ANALYSIS = YES;
				CLANG_WARN_STRICT_PROTOTYPES = YES;
				CLANG_WARN_SUSPICIOUS_MOVE = YES;
				CLANG_WARN_UNGUARDED_AVAILABILITY = YES_AGGRESSIVE;
				CLANG_WARN_UNREACHABLE_CODE = YES;
				CLANG_WARN__DUPLICATE_METHOD_MATCH = YES;
				CODE_SIGN_IDENTITY = "iPhone Developer";
				COPY_PHASE_STRIP = NO;
				DEBUG_INFORMATION_FORMAT = dwarf;
				ENABLE_STRICT_OBJC_MSGSEND = YES;
				ENABLE_TESTABILITY = YES;
				GCC_C_LANGUAGE_STANDARD = gnu11;
				GCC_DYNAMIC_NO_PIC = NO;
				GCC_NO_COMMON_BLOCKS = YES;
				GCC_OPTIMIZATION_LEVEL = 0;
				GCC_PREPROCESSOR_DEFINITIONS = (
					"DEBUG=1",
					"$(inherited)",
				);
				GCC_WARN_64_TO_32_BIT_CONVERSION = YES;
				GCC_WARN_ABOUT_RETURN_TYPE = YES_ERROR;
				GCC_WARN_UNDECLARED_SELECTOR = YES;
				GCC_WARN_UNINITIALIZED_AUTOS = YES_AGGRESSIVE;
				GCC_WARN_UNUSED_FUNCTION = YES;
				GCC_WARN_UNUSED_VARIABLE = YES;
				IPHONEOS_DEPLOYMENT_TARGET = 11.2;
				MTL_ENABLE_DEBUG_INFO = YES;
				ONLY_ACTIVE_ARCH = YES;
				SDKROOT = iphoneos;
				SWIFT_ACTIVE_COMPILATION_CONDITIONS = DEBUG;
				SWIFT_OPTIMIZATION_LEVEL = "-Onone";
			};
			name = Debug;
		};
		1117EF91202C267600FBBBB6 /* Release */ = {
			isa = XCBuildConfiguration;
			buildSettings = {
				ALWAYS_SEARCH_USER_PATHS = NO;
				CLANG_ANALYZER_NONNULL = YES;
				CLANG_ANALYZER_NUMBER_OBJECT_CONVERSION = YES_AGGRESSIVE;
				CLANG_CXX_LANGUAGE_STANDARD = "gnu++14";
				CLANG_CXX_LIBRARY = "libc++";
				CLANG_ENABLE_MODULES = YES;
				CLANG_ENABLE_OBJC_ARC = YES;
				CLANG_WARN_BLOCK_CAPTURE_AUTORELEASING = YES;
				CLANG_WARN_BOOL_CONVERSION = YES;
				CLANG_WARN_COMMA = YES;
				CLANG_WARN_CONSTANT_CONVERSION = YES;
				CLANG_WARN_DIRECT_OBJC_ISA_USAGE = YES_ERROR;
				CLANG_WARN_DOCUMENTATION_COMMENTS = YES;
				CLANG_WARN_EMPTY_BODY = YES;
				CLANG_WARN_ENUM_CONVERSION = YES;
				CLANG_WARN_INFINITE_RECURSION = YES;
				CLANG_WARN_INT_CONVERSION = YES;
				CLANG_WARN_NON_LITERAL_NULL_CONVERSION = YES;
				CLANG_WARN_OBJC_LITERAL_CONVERSION = YES;
				CLANG_WARN_OBJC_ROOT_CLASS = YES_ERROR;
				CLANG_WARN_RANGE_LOOP_ANALYSIS = YES;
				CLANG_WARN_STRICT_PROTOTYPES = YES;
				CLANG_WARN_SUSPICIOUS_MOVE = YES;
				CLANG_WARN_UNGUARDED_AVAILABILITY = YES_AGGRESSIVE;
				CLANG_WARN_UNREACHABLE_CODE = YES;
				CLANG_WARN__DUPLICATE_METHOD_MATCH = YES;
				CODE_SIGN_IDENTITY = "iPhone Developer";
				COPY_PHASE_STRIP = NO;
				DEBUG_INFORMATION_FORMAT = "dwarf-with-dsym";
				ENABLE_NS_ASSERTIONS = NO;
				ENABLE_STRICT_OBJC_MSGSEND = YES;
				GCC_C_LANGUAGE_STANDARD = gnu11;
				GCC_NO_COMMON_BLOCKS = YES;
				GCC_WARN_64_TO_32_BIT_CONVERSION = YES;
				GCC_WARN_ABOUT_RETURN_TYPE = YES_ERROR;
				GCC_WARN_UNDECLARED_SELECTOR = YES;
				GCC_WARN_UNINITIALIZED_AUTOS = YES_AGGRESSIVE;
				GCC_WARN_UNUSED_FUNCTION = YES;
				GCC_WARN_UNUSED_VARIABLE = YES;
				IPHONEOS_DEPLOYMENT_TARGET = 11.2;
				MTL_ENABLE_DEBUG_INFO = NO;
				SDKROOT = iphoneos;
				SWIFT_OPTIMIZATION_LEVEL = "-Owholemodule";
				VALIDATE_PRODUCT = YES;
			};
			name = Release;
		};
		1117EF93202C267600FBBBB6 /* Debug */ = {
			isa = XCBuildConfiguration;
			baseConfigurationReference = C57EE3661D14745A4861FA0E /* Pods-Popcorn.debug.xcconfig */;
			buildSettings = {
				ASSETCATALOG_COMPILER_APPICON_NAME = AppIcon;
				CODE_SIGN_STYLE = Automatic;
				INFOPLIST_FILE = Popcorn/Info.plist;
				LD_RUNPATH_SEARCH_PATHS = "$(inherited) @executable_path/Frameworks";
				PRODUCT_BUNDLE_IDENTIFIER = com.yeliqiang.Popcorn;
				PRODUCT_NAME = "$(TARGET_NAME)";
				SWIFT_VERSION = 4.0;
				TARGETED_DEVICE_FAMILY = "1,2";
			};
			name = Debug;
		};
		1117EF94202C267600FBBBB6 /* Release */ = {
			isa = XCBuildConfiguration;
			baseConfigurationReference = BC213A5A1B7CF946ED0CDA0D /* Pods-Popcorn.release.xcconfig */;
			buildSettings = {
				ASSETCATALOG_COMPILER_APPICON_NAME = AppIcon;
				CODE_SIGN_STYLE = Automatic;
				INFOPLIST_FILE = Popcorn/Info.plist;
				LD_RUNPATH_SEARCH_PATHS = "$(inherited) @executable_path/Frameworks";
				PRODUCT_BUNDLE_IDENTIFIER = com.yeliqiang.Popcorn;
				PRODUCT_NAME = "$(TARGET_NAME)";
				SWIFT_VERSION = 4.0;
				TARGETED_DEVICE_FAMILY = "1,2";
			};
			name = Release;
		};
		1117EF96202C267600FBBBB6 /* Debug */ = {
			isa = XCBuildConfiguration;
			baseConfigurationReference = 960AA5668D4AB5B4C13AEC9E /* Pods-PopcornTests.debug.xcconfig */;
			buildSettings = {
				ALWAYS_EMBED_SWIFT_STANDARD_LIBRARIES = YES;
				BUNDLE_LOADER = "$(TEST_HOST)";
				CODE_SIGN_STYLE = Automatic;
				INFOPLIST_FILE = PopcornTests/Info.plist;
				LD_RUNPATH_SEARCH_PATHS = "$(inherited) @executable_path/Frameworks @loader_path/Frameworks";
				PRODUCT_BUNDLE_IDENTIFIER = com.yeliqiang.PopcornTests;
				PRODUCT_NAME = "$(TARGET_NAME)";
				SWIFT_VERSION = 4.0;
				TARGETED_DEVICE_FAMILY = "1,2";
				TEST_HOST = "$(BUILT_PRODUCTS_DIR)/Popcorn.app/Popcorn";
			};
			name = Debug;
		};
		1117EF97202C267600FBBBB6 /* Release */ = {
			isa = XCBuildConfiguration;
			baseConfigurationReference = 5B8E3C0DD6F9F1B032D450E2 /* Pods-PopcornTests.release.xcconfig */;
			buildSettings = {
				ALWAYS_EMBED_SWIFT_STANDARD_LIBRARIES = YES;
				BUNDLE_LOADER = "$(TEST_HOST)";
				CODE_SIGN_STYLE = Automatic;
				INFOPLIST_FILE = PopcornTests/Info.plist;
				LD_RUNPATH_SEARCH_PATHS = "$(inherited) @executable_path/Frameworks @loader_path/Frameworks";
				PRODUCT_BUNDLE_IDENTIFIER = com.yeliqiang.PopcornTests;
				PRODUCT_NAME = "$(TARGET_NAME)";
				SWIFT_VERSION = 4.0;
				TARGETED_DEVICE_FAMILY = "1,2";
				TEST_HOST = "$(BUILT_PRODUCTS_DIR)/Popcorn.app/Popcorn";
			};
			name = Release;
		};
		1117EF99202C267600FBBBB6 /* Debug */ = {
			isa = XCBuildConfiguration;
			baseConfigurationReference = D1BC9ED64EAB4F4688F083E6 /* Pods-PopcornUITests.debug.xcconfig */;
			buildSettings = {
				ALWAYS_EMBED_SWIFT_STANDARD_LIBRARIES = YES;
				CODE_SIGN_STYLE = Automatic;
				INFOPLIST_FILE = PopcornUITests/Info.plist;
				LD_RUNPATH_SEARCH_PATHS = "$(inherited) @executable_path/Frameworks @loader_path/Frameworks";
				PRODUCT_BUNDLE_IDENTIFIER = com.yeliqiang.PopcornUITests;
				PRODUCT_NAME = "$(TARGET_NAME)";
				SWIFT_VERSION = 4.0;
				TARGETED_DEVICE_FAMILY = "1,2";
				TEST_TARGET_NAME = Popcorn;
			};
			name = Debug;
		};
		1117EF9A202C267600FBBBB6 /* Release */ = {
			isa = XCBuildConfiguration;
			baseConfigurationReference = 3B491042914C739F238A7CE8 /* Pods-PopcornUITests.release.xcconfig */;
			buildSettings = {
				ALWAYS_EMBED_SWIFT_STANDARD_LIBRARIES = YES;
				CODE_SIGN_STYLE = Automatic;
				INFOPLIST_FILE = PopcornUITests/Info.plist;
				LD_RUNPATH_SEARCH_PATHS = "$(inherited) @executable_path/Frameworks @loader_path/Frameworks";
				PRODUCT_BUNDLE_IDENTIFIER = com.yeliqiang.PopcornUITests;
				PRODUCT_NAME = "$(TARGET_NAME)";
				SWIFT_VERSION = 4.0;
				TARGETED_DEVICE_FAMILY = "1,2";
				TEST_TARGET_NAME = Popcorn;
			};
			name = Release;
		};
/* End XCBuildConfiguration section */

/* Begin XCConfigurationList section */
		1117EF65202C267500FBBBB6 /* Build configuration list for PBXProject "Popcorn" */ = {
			isa = XCConfigurationList;
			buildConfigurations = (
				1117EF90202C267600FBBBB6 /* Debug */,
				1117EF91202C267600FBBBB6 /* Release */,
			);
			defaultConfigurationIsVisible = 0;
			defaultConfigurationName = Release;
		};
		1117EF92202C267600FBBBB6 /* Build configuration list for PBXNativeTarget "Popcorn" */ = {
			isa = XCConfigurationList;
			buildConfigurations = (
				1117EF93202C267600FBBBB6 /* Debug */,
				1117EF94202C267600FBBBB6 /* Release */,
			);
			defaultConfigurationIsVisible = 0;
			defaultConfigurationName = Release;
		};
		1117EF95202C267600FBBBB6 /* Build configuration list for PBXNativeTarget "PopcornTests" */ = {
			isa = XCConfigurationList;
			buildConfigurations = (
				1117EF96202C267600FBBBB6 /* Debug */,
				1117EF97202C267600FBBBB6 /* Release */,
			);
			defaultConfigurationIsVisible = 0;
			defaultConfigurationName = Release;
		};
		1117EF98202C267600FBBBB6 /* Build configuration list for PBXNativeTarget "PopcornUITests" */ = {
			isa = XCConfigurationList;
			buildConfigurations = (
				1117EF99202C267600FBBBB6 /* Debug */,
				1117EF9A202C267600FBBBB6 /* Release */,
			);
			defaultConfigurationIsVisible = 0;
			defaultConfigurationName = Release;
		};
/* End XCConfigurationList section */
	};
	rootObject = 1117EF62202C267500FBBBB6 /* Project object */;
}
